# This file was autogenerated by Stack.
# You should not edit this file by hand.
# For more information, please see the documentation at:
#   https://docs.haskellstack.org/en/stable/lock_files

packages:
- completed:
    hackage: stylish-haskell-0.6.1.0@sha256:7093bb2bf407cba89d4a03f4573b24048cf28583ce1a82c3ecc5fb09a1f7fef6,4216
    pantry-tree:
      size: 2370
      sha256: 4c4354acda5e1622fc118ebb8403a355e6680b10d01e111089c2e2d34c65e2af
  original:
    hackage: stylish-haskell-0.6.1.0
snapshots:
- completed:
    size: 533053
    url: https://raw.githubusercontent.com/commercialhaskell/stackage-snapshots/master/lts/16/28.yaml
    sha256: a9c01d860ac8dfb3a1b6f7ec4a36dd9504a95392b89c99b0877da63fa36a8e97
  original: lts-16.28
